
Microsoft Visual Studio Solution File, Format Version 12.00
# Visual Studio Version 16
VisualStudioVersion = 16.0.29503.13
MinimumVisualStudioVersion = 10.0.40219.1
Project("{9A19103F-16F7-4668-BE54-9A1E7A4F7556}") = "PingOne.AspNetCore.Samples.Oidc", "PingOne.AspNetCore.Samples.Oidc\PingOne.AspNetCore.Samples.Oidc.csproj", "{CB7F969F-1FE7-4284-83B6-572F220EE89F}"
EndProject
Project("{9A19103F-16F7-4668-BE54-9A1E7A4F7556}") = "PingOne.Core", "..\pingone-netcore-sdk\PingOne.Core\PingOne.Core.csproj", "{10BC9EB1-AA51-4E8A-8A4F-94C39CDF45ED}"
EndProject
Global
	GlobalSection(SolutionConfigurationPlatforms) = preSolution
		Debug|Any CPU = Debug|Any CPU
		Release|Any CPU = Release|Any CPU
	EndGlobalSection
	GlobalSection(ProjectConfigurationPlatforms) = postSolution
		{CB7F969F-1FE7-4284-83B6-572F220EE89F}.Debug|Any CPU.ActiveCfg = Debug|Any CPU
		{CB7F969F-1FE7-4284-83B6-572F220EE89F}.Debug|Any CPU.Build.0 = Debug|Any CPU
		{CB7F969F-1FE7-4284-83B6-572F220EE89F}.Release|Any CPU.ActiveCfg = Release|Any CPU
		{CB7F969F-1FE7-4284-83B6-572F220EE89F}.Release|Any CPU.Build.0 = Release|Any CPU
		{10BC9EB1-AA51-4E8A-8A4F-94C39CDF45ED}.Debug|Any CPU.ActiveCfg = Debug|Any CPU
		{10BC9EB1-AA51-4E8A-8A4F-94C39CDF45ED}.Debug|Any CPU.Build.0 = Debug|Any CPU
		{10BC9EB1-AA51-4E8A-8A4F-94C39CDF45ED}.Release|Any CPU.ActiveCfg = Release|Any CPU
		{10BC9EB1-AA51-4E8A-8A4F-94C39CDF45ED}.Release|Any CPU.Build.0 = Release|Any CPU
	EndGlobalSection
	GlobalSection(SolutionProperties) = preSolution
		HideSolutionNode = FALSE
	EndGlobalSection
	GlobalSection(ExtensibilityGlobals) = postSolution
		SolutionGuid = {206D5DB2-DC01-49E1-AC13-49249F801F18}
	EndGlobalSection
EndGlobal
